// !$*UTF8*$!
{
	archiveVersion = 1;
	classes = {
	};
	objectVersion = 52;
	objects = {

/* Begin PBXBuildFile section */
		E533412F2546D43A00EDEC2C /* creatTodo.swift in Sources */ = {isa = PBXBuildFile; fileRef = E533412E2546D43A00EDEC2C /* creatTodo.swift */; };
		E53341362547192600EDEC2C /* Radio.swift in Sources */ = {isa = PBXBuildFile; fileRef = E53341352547192600EDEC2C /* Radio.swift */; };
		E533414125474CFA00EDEC2C /* userdata.swift in Sources */ = {isa = PBXBuildFile; fileRef = E533414025474CFA00EDEC2C /* userdata.swift */; };
		E533414625474D4300EDEC2C /* Wave.swift in Sources */ = {isa = PBXBuildFile; fileRef = E533414525474D4300EDEC2C /* Wave.swift */; };
		E56CF2C424F29F57009A081A /* AnimationView.swift in Sources */ = {isa = PBXBuildFile; fileRef = E56CF2C324F29F57009A081A /* AnimationView.swift */; };
		E56F1C32252DB569006E3EBD /* linshi.swift in Sources */ = {isa = PBXBuildFile; fileRef = E56F1C31252DB569006E3EBD /* linshi.swift */; };
		E56F7AC824D22D1A00E82E21 /* AppDelegate.swift in Sources */ = {isa = PBXBuildFile; fileRef = E56F7AC724D22D1A00E82E21 /* AppDelegate.swift */; };
		E56F7ACA24D22D1A00E82E21 /* SceneDelegate.swift in Sources */ = {isa = PBXBuildFile; fileRef = E56F7AC924D22D1A00E82E21 /* SceneDelegate.swift */; };
		E56F7ACC24D22D1A00E82E21 /* ContentView.swift in Sources */ = {isa = PBXBuildFile; fileRef = E56F7ACB24D22D1A00E82E21 /* ContentView.swift */; };
		E56F7ACE24D22D1B00E82E21 /* Assets.xcassets in Resources */ = {isa = PBXBuildFile; fileRef = E56F7ACD24D22D1B00E82E21 /* Assets.xcassets */; };
		E56F7AD124D22D1B00E82E21 /* Preview Assets.xcassets in Resources */ = {isa = PBXBuildFile; fileRef = E56F7AD024D22D1B00E82E21 /* Preview Assets.xcassets */; };
		E56F7AD424D22D1B00E82E21 /* LaunchScreen.storyboard in Resources */ = {isa = PBXBuildFile; fileRef = E56F7AD224D22D1B00E82E21 /* LaunchScreen.storyboard */; };
		E577217424FBD1B300F172D4 /* TagP.swift in Sources */ = {isa = PBXBuildFile; fileRef = E577217324FBD1B300F172D4 /* TagP.swift */; };
		E5871EE924EBB0630089E90B /* EditiPage.swift in Sources */ = {isa = PBXBuildFile; fileRef = E5871EE824EBB0630089E90B /* EditiPage.swift */; };
		E5988B8E258027E700A9ABA2 /* TodoItem.swift in Sources */ = {isa = PBXBuildFile; fileRef = E5988B8D258027E700A9ABA2 /* TodoItem.swift */; };
		E5A27E92254B68B8008B297C /* TodoManager.swift in Sources */ = {isa = PBXBuildFile; fileRef = E5A27E91254B68B8008B297C /* TodoManager.swift */; };
		E5BC23EF25483DF5008B5063 /* CircularRular.swift in Sources */ = {isa = PBXBuildFile; fileRef = E5BC23EE25483DF5008B5063 /* CircularRular.swift */; };
		E5BC23F32548555A008B5063 /* DarkButtonStyle.swift in Sources */ = {isa = PBXBuildFile; fileRef = E5BC23F22548555A008B5063 /* DarkButtonStyle.swift */; };
		E5D0D2682575ADB4006C63F6 /* CustomSheet.swift in Sources */ = {isa = PBXBuildFile; fileRef = E5D0D2672575ADB4006C63F6 /* CustomSheet.swift */; };
		E5D0D26B2575AE28006C63F6 /* Sheet.swift in Sources */ = {isa = PBXBuildFile; fileRef = E5D0D26A2575AE28006C63F6 /* Sheet.swift */; };
		E5D26195257EDA7D001A0379 /* Introspect in Frameworks */ = {isa = PBXBuildFile; productRef = E5D26194257EDA7D001A0379 /* Introspect */; };
		E5D41D9D254ECE0800393F52 /* TextF.swift in Sources */ = {isa = PBXBuildFile; fileRef = E5D41D9C254ECE0800393F52 /* TextF.swift */; };
		E5F20626254613960019B555 /* RoundedHexagoan.swift in Sources */ = {isa = PBXBuildFile; fileRef = E5F20624254613960019B555 /* RoundedHexagoan.swift */; };
		E5F2062A2546142D0019B555 /* PagerView.swift in Sources */ = {isa = PBXBuildFile; fileRef = E5F206292546142D0019B555 /* PagerView.swift */; };
		E5F2E19F253347B600C8B4C3 /* showFilter.swift in Sources */ = {isa = PBXBuildFile; fileRef = E5F2E19E253347B600C8B4C3 /* showFilter.swift */; };
		E5F62B1524EDB9B000DA6CA8 /* SignUP.swift in Sources */ = {isa = PBXBuildFile; fileRef = E5F62B1424EDB9B000DA6CA8 /* SignUP.swift */; };
/* End PBXBuildFile section */

/* Begin PBXFileReference section */
		E533412E2546D43A00EDEC2C /* creatTodo.swift */ = {isa = PBXFileReference; lastKnownFileType = sourcecode.swift; name = creatTodo.swift; path = Todo/Views/creatTodo.swift; sourceTree = SOURCE_ROOT; };
		E53341352547192600EDEC2C /* Radio.swift */ = {isa = PBXFileReference; lastKnownFileType = sourcecode.swift; name = Radio.swift; path = Todo/Views/Radio.swift; sourceTree = SOURCE_ROOT; };
		E533414025474CFA00EDEC2C /* userdata.swift */ = {isa = PBXFileReference; lastKnownFileType = sourcecode.swift; path = userdata.swift; sourceTree = "<group>"; };
		E533414525474D4300EDEC2C /* Wave.swift */ = {isa = PBXFileReference; fileEncoding = 4; lastKnownFileType = sourcecode.swift; path = Wave.swift; sourceTree = "<group>"; };
		E56CF2C324F29F57009A081A /* AnimationView.swift */ = {isa = PBXFileReference; lastKnownFileType = sourcecode.swift; path = AnimationView.swift; sourceTree = "<group>"; };
		E56F1C31252DB569006E3EBD /* linshi.swift */ = {isa = PBXFileReference; lastKnownFileType = sourcecode.swift; path = linshi.swift; sourceTree = "<group>"; };
		E56F7AC424D22D1A00E82E21 /* Todo.app */ = {isa = PBXFileReference; explicitFileType = wrapper.application; includeInIndex = 0; path = Todo.app; sourceTree = BUILT_PRODUCTS_DIR; };
		E56F7AC724D22D1A00E82E21 /* AppDelegate.swift */ = {isa = PBXFileReference; lastKnownFileType = sourcecode.swift; path = AppDelegate.swift; sourceTree = "<group>"; };
		E56F7AC924D22D1A00E82E21 /* SceneDelegate.swift */ = {isa = PBXFileReference; lastKnownFileType = sourcecode.swift; path = SceneDelegate.swift; sourceTree = "<group>"; };
		E56F7ACB24D22D1A00E82E21 /* ContentView.swift */ = {isa = PBXFileReference; lastKnownFileType = sourcecode.swift; path = ContentView.swift; sourceTree = "<group>"; };
		E56F7ACD24D22D1B00E82E21 /* Assets.xcassets */ = {isa = PBXFileReference; lastKnownFileType = folder.assetcatalog; path = Assets.xcassets; sourceTree = "<group>"; };
		E56F7AD024D22D1B00E82E21 /* Preview Assets.xcassets */ = {isa = PBXFileReference; lastKnownFileType = folder.assetcatalog; path = "Preview Assets.xcassets"; sourceTree = "<group>"; };
		E56F7AD324D22D1B00E82E21 /* Base */ = {isa = PBXFileReference; lastKnownFileType = file.storyboard; name = Base; path = Base.lproj/LaunchScreen.storyboard; sourceTree = "<group>"; };
		E56F7AD524D22D1B00E82E21 /* Info.plist */ = {isa = PBXFileReference; lastKnownFileType = text.plist.xml; path = Info.plist; sourceTree = "<group>"; };
		E577217324FBD1B300F172D4 /* TagP.swift */ = {isa = PBXFileReference; lastKnownFileType = sourcecode.swift; path = TagP.swift; sourceTree = "<group>"; };
		E5871EE824EBB0630089E90B /* EditiPage.swift */ = {isa = PBXFileReference; lastKnownFileType = sourcecode.swift; path = EditiPage.swift; sourceTree = "<group>"; };
		E5988B8D258027E700A9ABA2 /* TodoItem.swift */ = {isa = PBXFileReference; lastKnownFileType = sourcecode.swift; path = TodoItem.swift; sourceTree = "<group>"; };
		E5A05CB024E9063A00421935 /* README.md */ = {isa = PBXFileReference; lastKnownFileType = net.daringfireball.markdown; path = README.md; sourceTree = SOURCE_ROOT; };
		E5A27E91254B68B8008B297C /* TodoManager.swift */ = {isa = PBXFileReference; lastKnownFileType = sourcecode.swift; path = TodoManager.swift; sourceTree = "<group>"; };
		E5BC23EE25483DF5008B5063 /* CircularRular.swift */ = {isa = PBXFileReference; lastKnownFileType = sourcecode.swift; path = CircularRular.swift; sourceTree = "<group>"; };
		E5BC23F22548555A008B5063 /* DarkButtonStyle.swift */ = {isa = PBXFileReference; lastKnownFileType = sourcecode.swift; path = DarkButtonStyle.swift; sourceTree = "<group>"; };
		E5D0D2672575ADB4006C63F6 /* CustomSheet.swift */ = {isa = PBXFileReference; lastKnownFileType = sourcecode.swift; path = CustomSheet.swift; sourceTree = "<group>"; };
		E5D0D26A2575AE28006C63F6 /* Sheet.swift */ = {isa = PBXFileReference; lastKnownFileType = sourcecode.swift; path = Sheet.swift; sourceTree = "<group>"; };
		E5D41D9C254ECE0800393F52 /* TextF.swift */ = {isa = PBXFileReference; lastKnownFileType = sourcecode.swift; path = TextF.swift; sourceTree = "<group>"; };
		E5F20624254613960019B555 /* RoundedHexagoan.swift */ = {isa = PBXFileReference; fileEncoding = 4; lastKnownFileType = sourcecode.swift; name = RoundedHexagoan.swift; path = Todo/View/RoundedHexagoan.swift; sourceTree = SOURCE_ROOT; };
		E5F206292546142D0019B555 /* PagerView.swift */ = {isa = PBXFileReference; fileEncoding = 4; lastKnownFileType = sourcecode.swift; path = PagerView.swift; sourceTree = "<group>"; };
		E5F2E19E253347B600C8B4C3 /* showFilter.swift */ = {isa = PBXFileReference; lastKnownFileType = sourcecode.swift; path = showFilter.swift; sourceTree = "<group>"; };
		E5F62B1424EDB9B000DA6CA8 /* SignUP.swift */ = {isa = PBXFileReference; lastKnownFileType = sourcecode.swift; path = SignUP.swift; sourceTree = "<group>"; };
/* End PBXFileReference section */

/* Begin PBXFrameworksBuildPhase section */
		E56F7AC124D22D1A00E82E21 /* Frameworks */ = {
			isa = PBXFrameworksBuildPhase;
			buildActionMask = 2147483647;
			files = (
				E5D26195257EDA7D001A0379 /* Introspect in Frameworks */,
			);
			runOnlyForDeploymentPostprocessing = 0;
		};
/* End PBXFrameworksBuildPhase section */

/* Begin PBXGroup section */
		E533413925474ACB00EDEC2C /* View */ = {
			isa = PBXGroup;
			children = (
				E5F2E19E253347B600C8B4C3 /* showFilter.swift */,
				E577217324FBD1B300F172D4 /* TagP.swift */,
				E5F206292546142D0019B555 /* PagerView.swift */,
				E5F20624254613960019B555 /* RoundedHexagoan.swift */,
				E5BC23EE25483DF5008B5063 /* CircularRular.swift */,
				E5BC23F22548555A008B5063 /* DarkButtonStyle.swift */,
			);
			path = View;
			sourceTree = "<group>";
		};
		E533413C25474B7500EDEC2C /* Views */ = {
			isa = PBXGroup;
			children = (
				E533412E2546D43A00EDEC2C /* creatTodo.swift */,
				E53341352547192600EDEC2C /* Radio.swift */,
				E5D41D9C254ECE0800393F52 /* TextF.swift */,
				E5D0D2672575ADB4006C63F6 /* CustomSheet.swift */,
				E5988B8D258027E700A9ABA2 /* TodoItem.swift */,
			);
			path = Views;
			sourceTree = "<group>";
		};
		E533413D25474B9300EDEC2C /* userSignUP */ = {
			isa = PBXGroup;
			children = (
				E5F62B1424EDB9B000DA6CA8 /* SignUP.swift */,
			);
			path = userSignUP;
			sourceTree = "<group>";
		};
		E533413F25474CD500EDEC2C /* Models */ = {
			isa = PBXGroup;
			children = (
				E533414025474CFA00EDEC2C /* userdata.swift */,
			);
			path = Models;
			sourceTree = "<group>";
		};
		E533414425474D4300EDEC2C /* Graph */ = {
			isa = PBXGroup;
			children = (
				E533414525474D4300EDEC2C /* Wave.swift */,
			);
			path = Graph;
			sourceTree = "<group>";
		};
		E56F7ABB24D22D1A00E82E21 = {
			isa = PBXGroup;
			children = (
				E56F1C31252DB569006E3EBD /* linshi.swift */,
				E56CF2C324F29F57009A081A /* AnimationView.swift */,
				E56F7AC624D22D1A00E82E21 /* Todo */,
				E56F7AC524D22D1A00E82E21 /* Products */,
				E5D26193257EDA7D001A0379 /* Frameworks */,
			);
			sourceTree = "<group>";
		};
		E56F7AC524D22D1A00E82E21 /* Products */ = {
			isa = PBXGroup;
			children = (
				E56F7AC424D22D1A00E82E21 /* Todo.app */,
			);
			name = Products;
			sourceTree = "<group>";
		};
		E56F7AC624D22D1A00E82E21 /* Todo */ = {
			isa = PBXGroup;
			children = (
				E5C6BFC22551656D00D690DF /* ViewModel */,
				E533414425474D4300EDEC2C /* Graph */,
				E533413F25474CD500EDEC2C /* Models */,
				E533413D25474B9300EDEC2C /* userSignUP */,
				E533413C25474B7500EDEC2C /* Views */,
				E533413925474ACB00EDEC2C /* View */,
				E56F7AC724D22D1A00E82E21 /* AppDelegate.swift */,
				E56F7AC924D22D1A00E82E21 /* SceneDelegate.swift */,
				E56F7ACB24D22D1A00E82E21 /* ContentView.swift */,
				E56F7ACD24D22D1B00E82E21 /* Assets.xcassets */,
				E5A05CB024E9063A00421935 /* README.md */,
				E5871EE824EBB0630089E90B /* EditiPage.swift */,
				E56F7AD224D22D1B00E82E21 /* LaunchScreen.storyboard */,
				E56F7AD524D22D1B00E82E21 /* Info.plist */,
				E56F7ACF24D22D1B00E82E21 /* Preview Content */,
			);
			path = Todo;
			sourceTree = "<group>";
		};
		E56F7ACF24D22D1B00E82E21 /* Preview Content */ = {
			isa = PBXGroup;
			children = (
				E56F7AD024D22D1B00E82E21 /* Preview Assets.xcassets */,
			);
			path = "Preview Content";
			sourceTree = "<group>";
		};
		E5C6BFC22551656D00D690DF /* ViewModel */ = {
			isa = PBXGroup;
			children = (
				E5A27E91254B68B8008B297C /* TodoManager.swift */,
				E5D0D26A2575AE28006C63F6 /* Sheet.swift */,
			);
			path = ViewModel;
			sourceTree = "<group>";
		};
		E5D26193257EDA7D001A0379 /* Frameworks */ = {
			isa = PBXGroup;
			children = (
			);
			name = Frameworks;
			sourceTree = "<group>";
		};
/* End PBXGroup section */

/* Begin PBXNativeTarget section */
		E56F7AC324D22D1A00E82E21 /* Todo */ = {
			isa = PBXNativeTarget;
			buildConfigurationList = E56F7AD824D22D1B00E82E21 /* Build configuration list for PBXNativeTarget "Todo" */;
			buildPhases = (
				E56F7AC024D22D1A00E82E21 /* Sources */,
				E56F7AC124D22D1A00E82E21 /* Frameworks */,
				E56F7AC224D22D1A00E82E21 /* Resources */,
			);
			buildRules = (
			);
			dependencies = (
			);
			name = Todo;
			packageProductDependencies = (
				E5D26194257EDA7D001A0379 /* Introspect */,
			);
			productName = Todo;
			productReference = E56F7AC424D22D1A00E82E21 /* Todo.app */;
			productType = "com.apple.product-type.application";
		};
/* End PBXNativeTarget section */

/* Begin PBXProject section */
		E56F7ABC24D22D1A00E82E21 /* Project object */ = {
			isa = PBXProject;
			attributes = {
				LastSwiftUpdateCheck = 1160;
				LastUpgradeCheck = 1200;
				ORGANIZATIONNAME = "二爷";
				TargetAttributes = {
					E56F7AC324D22D1A00E82E21 = {
						CreatedOnToolsVersion = 11.6;
					};
				};
			};
			buildConfigurationList = E56F7ABF24D22D1A00E82E21 /* Build configuration list for PBXProject "Todo" */;
			compatibilityVersion = "Xcode 9.3";
			developmentRegion = en;
			hasScannedForEncodings = 0;
			knownRegions = (
				en,
				Base,
			);
			mainGroup = E56F7ABB24D22D1A00E82E21;
			packageReferences = (
				E52470FE25725D3E00887557 /* XCRemoteSwiftPackageReference "SwiftUI-Introspect" */,
			);
			productRefGroup = E56F7AC524D22D1A00E82E21 /* Products */;
			projectDirPath = "";
			projectRoot = "";
			targets = (
				E56F7AC324D22D1A00E82E21 /* Todo */,
			);
		};
/* End PBXProject section */

/* Begin PBXResourcesBuildPhase section */
		E56F7AC224D22D1A00E82E21 /* Resources */ = {
			isa = PBXResourcesBuildPhase;
			buildActionMask = 2147483647;
			files = (
				E56F7AD424D22D1B00E82E21 /* LaunchScreen.storyboard in Resources */,
				E56F7AD124D22D1B00E82E21 /* Preview Assets.xcassets in Resources */,
				E56F7ACE24D22D1B00E82E21 /* Assets.xcassets in Resources */,
			);
			runOnlyForDeploymentPostprocessing = 0;
		};
/* End PBXResourcesBuildPhase section */

/* Begin PBXSourcesBuildPhase section */
		E56F7AC024D22D1A00E82E21 /* Sources */ = {
			isa = PBXSourcesBuildPhase;
			buildActionMask = 2147483647;
			files = (
				E5D0D2682575ADB4006C63F6 /* CustomSheet.swift in Sources */,
				E56F7AC824D22D1A00E82E21 /* AppDelegate.swift in Sources */,
				E5F20626254613960019B555 /* RoundedHexagoan.swift in Sources */,
				E56CF2C424F29F57009A081A /* AnimationView.swift in Sources */,
				E533412F2546D43A00EDEC2C /* creatTodo.swift in Sources */,
				E533414125474CFA00EDEC2C /* userdata.swift in Sources */,
				E5D0D26B2575AE28006C63F6 /* Sheet.swift in Sources */,
				E5F62B1524EDB9B000DA6CA8 /* SignUP.swift in Sources */,
				E5BC23F32548555A008B5063 /* DarkButtonStyle.swift in Sources */,
				E533414625474D4300EDEC2C /* Wave.swift in Sources */,
				E5D41D9D254ECE0800393F52 /* TextF.swift in Sources */,
				E56F7ACA24D22D1A00E82E21 /* SceneDelegate.swift in Sources */,
				E577217424FBD1B300F172D4 /* TagP.swift in Sources */,
				E56F1C32252DB569006E3EBD /* linshi.swift in Sources */,
				E5F2E19F253347B600C8B4C3 /* showFilter.swift in Sources */,
				E5A27E92254B68B8008B297C /* TodoManager.swift in Sources */,
				E5988B8E258027E700A9ABA2 /* TodoItem.swift in Sources */,
				E56F7ACC24D22D1A00E82E21 /* ContentView.swift in Sources */,
				E53341362547192600EDEC2C /* Radio.swift in Sources */,
				E5F2062A2546142D0019B555 /* PagerView.swift in Sources */,
				E5BC23EF25483DF5008B5063 /* CircularRular.swift in Sources */,
				E5871EE924EBB0630089E90B /* EditiPage.swift in Sources */,
			);
			runOnlyForDeploymentPostprocessing = 0;
		};
/* End PBXSourcesBuildPhase section */

/* Begin PBXVariantGroup section */
		E56F7AD224D22D1B00E82E21 /* LaunchScreen.storyboard */ = {
			isa = PBXVariantGroup;
			children = (
				E56F7AD324D22D1B00E82E21 /* Base */,
			);
			name = LaunchScreen.storyboard;
			sourceTree = "<group>";
		};
/* End PBXVariantGroup section */

/* Begin XCBuildConfiguration section */
		E56F7AD624D22D1B00E82E21 /* Debug */ = {
			isa = XCBuildConfiguration;
			buildSettings = {
				ALWAYS_SEARCH_USER_PATHS = NO;
				CLANG_ANALYZER_NONNULL = YES;
				CLANG_ANALYZER_NUMBER_OBJECT_CONVERSION = YES_AGGRESSIVE;
				CLANG_CXX_LANGUAGE_STANDARD = "gnu++14";
				CLANG_CXX_LIBRARY = "libc++";
				CLANG_ENABLE_MODULES = YES;
				CLANG_ENABLE_OBJC_ARC = YES;
				CLANG_ENABLE_OBJC_WEAK = YES;
				CLANG_WARN_BLOCK_CAPTURE_AUTORELEASING = YES;
				CLANG_WARN_BOOL_CONVERSION = YES;
				CLANG_WARN_COMMA = YES;
				CLANG_WARN_CONSTANT_CONVERSION = YES;
				CLANG_WARN_DEPRECATED_OBJC_IMPLEMENTATIONS = YES;
				CLANG_WARN_DIRECT_OBJC_ISA_USAGE = YES_ERROR;
				CLANG_WARN_DOCUMENTATION_COMMENTS = YES;
				CLANG_WARN_EMPTY_BODY = YES;
				CLANG_WARN_ENUM_CONVERSION = YES;
				CLANG_WARN_INFINITE_RECURSION = YES;
				CLANG_WARN_INT_CONVERSION = YES;
				CLANG_WARN_NON_LITERAL_NULL_CONVERSION = YES;
				CLANG_WARN_OBJC_IMPLICIT_RETAIN_SELF = YES;
				CLANG_WARN_OBJC_LITERAL_CONVERSION = YES;
				CLANG_WARN_OBJC_ROOT_CLASS = YES_ERROR;
				CLANG_WARN_QUOTED_INCLUDE_IN_FRAMEWORK_HEADER = YES;
				CLANG_WARN_RANGE_LOOP_ANALYSIS = YES;
				CLANG_WARN_STRICT_PROTOTYPES = YES;
				CLANG_WARN_SUSPICIOUS_MOVE = YES;
				CLANG_WARN_UNGUARDED_AVAILABILITY = YES_AGGRESSIVE;
				CLANG_WARN_UNREACHABLE_CODE = YES;
				CLANG_WARN__DUPLICATE_METHOD_MATCH = YES;
				COPY_PHASE_STRIP = NO;
				DEBUG_INFORMATION_FORMAT = dwarf;
				ENABLE_STRICT_OBJC_MSGSEND = YES;
				ENABLE_TESTABILITY = YES;
				GCC_C_LANGUAGE_STANDARD = gnu11;
				GCC_DYNAMIC_NO_PIC = NO;
				GCC_NO_COMMON_BLOCKS = YES;
				GCC_OPTIMIZATION_LEVEL = 0;
				GCC_PREPROCESSOR_DEFINITIONS = (
					"DEBUG=1",
					"$(inherited)",
				);
				GCC_WARN_64_TO_32_BIT_CONVERSION = YES;
				GCC_WARN_ABOUT_RETURN_TYPE = YES_ERROR;
				GCC_WARN_UNDECLARED_SELECTOR = YES;
				GCC_WARN_UNINITIALIZED_AUTOS = YES_AGGRESSIVE;
				GCC_WARN_UNUSED_FUNCTION = YES;
				GCC_WARN_UNUSED_VARIABLE = YES;
				IPHONEOS_DEPLOYMENT_TARGET = 14.0;
				MTL_ENABLE_DEBUG_INFO = INCLUDE_SOURCE;
				MTL_FAST_MATH = YES;
				ONLY_ACTIVE_ARCH = YES;
				SDKROOT = iphoneos;
				SWIFT_ACTIVE_COMPILATION_CONDITIONS = DEBUG;
				SWIFT_OPTIMIZATION_LEVEL = "-Onone";
			};
			name = Debug;
		};
		E56F7AD724D22D1B00E82E21 /* Release */ = {
			isa = XCBuildConfiguration;
			buildSettings = {
				ALWAYS_SEARCH_USER_PATHS = NO;
				CLANG_ANALYZER_NONNULL = YES;
				CLANG_ANALYZER_NUMBER_OBJECT_CONVERSION = YES_AGGRESSIVE;
				CLANG_CXX_LANGUAGE_STANDARD = "gnu++14";
				CLANG_CXX_LIBRARY = "libc++";
				CLANG_ENABLE_MODULES = YES;
				CLANG_ENABLE_OBJC_ARC = YES;
				CLANG_ENABLE_OBJC_WEAK = YES;
				CLANG_WARN_BLOCK_CAPTURE_AUTORELEASING = YES;
				CLANG_WARN_BOOL_CONVERSION = YES;
				CLANG_WARN_COMMA = YES;
				CLANG_WARN_CONSTANT_CONVERSION = YES;
				CLANG_WARN_DEPRECATED_OBJC_IMPLEMENTATIONS = YES;
				CLANG_WARN_DIRECT_OBJC_ISA_USAGE = YES_ERROR;
				CLANG_WARN_DOCUMENTATION_COMMENTS = YES;
				CLANG_WARN_EMPTY_BODY = YES;
				CLANG_WARN_ENUM_CONVERSION = YES;
				CLANG_WARN_INFINITE_RECURSION = YES;
				CLANG_WARN_INT_CONVERSION = YES;
				CLANG_WARN_NON_LITERAL_NULL_CONVERSION = YES;
				CLANG_WARN_OBJC_IMPLICIT_RETAIN_SELF = YES;
				CLANG_WARN_OBJC_LITERAL_CONVERSION = YES;
				CLANG_WARN_OBJC_ROOT_CLASS = YES_ERROR;
				CLANG_WARN_QUOTED_INCLUDE_IN_FRAMEWORK_HEADER = YES;
				CLANG_WARN_RANGE_LOOP_ANALYSIS = YES;
				CLANG_WARN_STRICT_PROTOTYPES = YES;
				CLANG_WARN_SUSPICIOUS_MOVE = YES;
				CLANG_WARN_UNGUARDED_AVAILABILITY = YES_AGGRESSIVE;
				CLANG_WARN_UNREACHABLE_CODE = YES;
				CLANG_WARN__DUPLICATE_METHOD_MATCH = YES;
				COPY_PHASE_STRIP = NO;
				DEBUG_INFORMATION_FORMAT = "dwarf-with-dsym";
				ENABLE_NS_ASSERTIONS = NO;
				ENABLE_STRICT_OBJC_MSGSEND = YES;
				GCC_C_LANGUAGE_STANDARD = gnu11;
				GCC_NO_COMMON_BLOCKS = YES;
				GCC_WARN_64_TO_32_BIT_CONVERSION = YES;
				GCC_WARN_ABOUT_RETURN_TYPE = YES_ERROR;
				GCC_WARN_UNDECLARED_SELECTOR = YES;
				GCC_WARN_UNINITIALIZED_AUTOS = YES_AGGRESSIVE;
				GCC_WARN_UNUSED_FUNCTION = YES;
				GCC_WARN_UNUSED_VARIABLE = YES;
				IPHONEOS_DEPLOYMENT_TARGET = 14.0;
				MTL_ENABLE_DEBUG_INFO = NO;
				MTL_FAST_MATH = YES;
				SDKROOT = iphoneos;
				SWIFT_COMPILATION_MODE = wholemodule;
				SWIFT_OPTIMIZATION_LEVEL = "-O";
				VALIDATE_PRODUCT = YES;
			};
			name = Release;
		};
		E56F7AD924D22D1B00E82E21 /* Debug */ = {
			isa = XCBuildConfiguration;
			buildSettings = {
				ASSETCATALOG_COMPILER_APPICON_NAME = AppIcon;
				CODE_SIGN_STYLE = Automatic;
				DEVELOPMENT_ASSET_PATHS = "\"Todo/Preview Content\"";
				DEVELOPMENT_TEAM = 7TJKWD96L3;
				ENABLE_PREVIEWS = YES;
				INFOPLIST_FILE = Todo/Info.plist;
				IPHONEOS_DEPLOYMENT_TARGET = 14.0;
				LD_RUNPATH_SEARCH_PATHS = (
					"$(inherited)",
					"@executable_path/Frameworks",
				);
				PRODUCT_BUNDLE_IDENTIFIER = eryers.Todo;
				PRODUCT_NAME = "$(TARGET_NAME)";
				SWIFT_VERSION = 5.0;
				TARGETED_DEVICE_FAMILY = "1,2";
			};
			name = Debug;
		};
		E56F7ADA24D22D1B00E82E21 /* Release */ = {
			isa = XCBuildConfiguration;
			buildSettings = {
				ASSETCATALOG_COMPILER_APPICON_NAME = AppIcon;
				CODE_SIGN_STYLE = Automatic;
				DEVELOPMENT_ASSET_PATHS = "\"Todo/Preview Content\"";
				DEVELOPMENT_TEAM = 7TJKWD96L3;
				ENABLE_PREVIEWS = YES;
				INFOPLIST_FILE = Todo/Info.plist;
				IPHONEOS_DEPLOYMENT_TARGET = 14.0;
				LD_RUNPATH_SEARCH_PATHS = (
					"$(inherited)",
					"@executable_path/Frameworks",
				);
				PRODUCT_BUNDLE_IDENTIFIER = eryers.Todo;
				PRODUCT_NAME = "$(TARGET_NAME)";
				SWIFT_VERSION = 5.0;
				TARGETED_DEVICE_FAMILY = "1,2";
			};
			name = Release;
		};
/* End XCBuildConfiguration section */

/* Begin XCConfigurationList section */
		E56F7ABF24D22D1A00E82E21 /* Build configuration list for PBXProject "Todo" */ = {
			isa = XCConfigurationList;
			buildConfigurations = (
				E56F7AD624D22D1B00E82E21 /* Debug */,
				E56F7AD724D22D1B00E82E21 /* Release */,
			);
			defaultConfigurationIsVisible = 0;
			defaultConfigurationName = Release;
		};
		E56F7AD824D22D1B00E82E21 /* Build configuration list for PBXNativeTarget "Todo" */ = {
			isa = XCConfigurationList;
			buildConfigurations = (
				E56F7AD924D22D1B00E82E21 /* Debug */,
				E56F7ADA24D22D1B00E82E21 /* Release */,
			);
			defaultConfigurationIsVisible = 0;
			defaultConfigurationName = Release;
		};
/* End XCConfigurationList section */

/* Begin XCRemoteSwiftPackageReference section */
		E52470FE25725D3E00887557 /* XCRemoteSwiftPackageReference "SwiftUI-Introspect" */ = {
			isa = XCRemoteSwiftPackageReference;
			repositoryURL = "https://github.com/siteline/SwiftUI-Introspect";
			requirement = {
				branch = master;
				kind = branch;
			};
		};
/* End XCRemoteSwiftPackageReference section */

/* Begin XCSwiftPackageProductDependency section */
		E5D26194257EDA7D001A0379 /* Introspect */ = {
			isa = XCSwiftPackageProductDependency;
			package = E52470FE25725D3E00887557 /* XCRemoteSwiftPackageReference "SwiftUI-Introspect" */;
			productName = Introspect;
		};
/* End XCSwiftPackageProductDependency section */
	};
	rootObject = E56F7ABC24D22D1A00E82E21 /* Project object */;
}
